
Microsoft Visual Studio Solution File, Format Version 12.00
# Visual Studio 15
VisualStudioVersion = 15.0.27323.2
MinimumVisualStudioVersion = 10.0.40219.1
Project("{FAE04EC0-301F-11D3-BF4B-00C04F79EFBC}") = "DeviceDetector.NET", "src\DeviceDetector.NET\DeviceDetector.NET.csproj", "{0DF4FD94-175A-412A-8E34-D8928673D773}"
EndProject
Project("{FAE04EC0-301F-11D3-BF4B-00C04F79EFBC}") = "DeviceDetector.NET.Tests", "test\DeviceDetector.NET.Tests\DeviceDetector.NET.Tests.csproj", "{DD20AEC1-F60A-4CB8-B795-8872FCC6AF13}"
EndProject
Project("{2150E333-8FDC-42A3-9474-1A3956D46DE8}") = "Solution Items", "Solution Items", "{F638B5CE-3208-4D42-85C4-6E9F0F545DB0}"
	ProjectSection(SolutionItems) = preProject
		.gitattributes = .gitattributes
		.gitignore = .gitignore
		LICENSE = LICENSE
		README.md = README.md
	EndProjectSection
EndProject
Global
	GlobalSection(SolutionConfigurationPlatforms) = preSolution
		Debug|Any CPU = Debug|Any CPU
		Release|Any CPU = Release|Any CPU
	EndGlobalSection
	GlobalSection(ProjectConfigurationPlatforms) = postSolution
		{0DF4FD94-175A-412A-8E34-D8928673D773}.Debug|Any CPU.ActiveCfg = Debug|Any CPU
		{0DF4FD94-175A-412A-8E34-D8928673D773}.Debug|Any CPU.Build.0 = Debug|Any CPU
		{0DF4FD94-175A-412A-8E34-D8928673D773}.Release|Any CPU.ActiveCfg = Release|Any CPU
		{0DF4FD94-175A-412A-8E34-D8928673D773}.Release|Any CPU.Build.0 = Release|Any CPU
		{DD20AEC1-F60A-4CB8-B795-8872FCC6AF13}.Debug|Any CPU.ActiveCfg = Debug|Any CPU
		{DD20AEC1-F60A-4CB8-B795-8872FCC6AF13}.Debug|Any CPU.Build.0 = Debug|Any CPU
		{DD20AEC1-F60A-4CB8-B795-8872FCC6AF13}.Release|Any CPU.ActiveCfg = Release|Any CPU
		{DD20AEC1-F60A-4CB8-B795-8872FCC6AF13}.Release|Any CPU.Build.0 = Release|Any CPU
	EndGlobalSection
	GlobalSection(SolutionProperties) = preSolution
		HideSolutionNode = FALSE
	EndGlobalSection
	GlobalSection(ExtensibilityGlobals) = postSolution
		SolutionGuid = {1BA919C2-27E1-4BC1-96B4-EFF42DAA4819}
	EndGlobalSection
EndGlobal
